
Microsoft Visual Studio Solution File, Format Version 12.00
# Visual Studio Version 17
VisualStudioVersion = 17.9.34622.214
MinimumVisualStudioVersion = 10.0.40219.1
Project("{FAE04EC0-301F-11D3-BF4B-00C04F79EFBC}") = "WebApplicationV1.0", "WebApplicationV1.0.csproj", "{5EAE2541-6CFE-4FB5-A5BE-8087FA0F95BF}"
EndProject
Global
	GlobalSection(SolutionConfigurationPlatforms) = preSolution
		Debug|Any CPU = Debug|Any CPU
		Release|Any CPU = Release|Any CPU
	EndGlobalSection
	GlobalSection(ProjectConfigurationPlatforms) = postSolution
		{5EAE2541-6CFE-4FB5-A5BE-8087FA0F95BF}.Debug|Any CPU.ActiveCfg = Debug|Any CPU
		{5EAE2541-6CFE-4FB5-A5BE-8087FA0F95BF}.Debug|Any CPU.Build.0 = Debug|Any CPU
		{5EAE2541-6CFE-4FB5-A5BE-8087FA0F95BF}.Release|Any CPU.ActiveCfg = Release|Any CPU
		{5EAE2541-6CFE-4FB5-A5BE-8087FA0F95BF}.Release|Any CPU.Build.0 = Release|Any CPU
	EndGlobalSection
	GlobalSection(SolutionProperties) = preSolution
		HideSolutionNode = FALSE
	EndGlobalSection
	GlobalSection(ExtensibilityGlobals) = postSolution
		SolutionGuid = {2E898460-AB50-431F-8C41-CD5542396614}
	EndGlobalSection
EndGlobal
